Microsoft Visual Studio Solution File, Format Version 12.00
# Visual Studio Version 17
VisualStudioVersion = 17.0.31903.59
MinimumVisualStudioVersion = 10.0.40219.1
Project("{FAE04EC0-301F-11D3-BF4B-00C04F79EFBC}") = "ComputerGamesORM.Data", "src/ComputerGamesORM.Data/ComputerGamesORM.Data.csproj", "{A1B9F5A9-0F6C-4F41-99D2-8E16A8823B2A}"
EndProject
Project("{FAE04EC0-301F-11D3-BF4B-00C04F79EFBC}") = "ComputerGamesORM.Business", "src/ComputerGamesORM.Business/ComputerGamesORM.Business.csproj", "{F3CAEF0E-8B53-4B9E-BD89-0F53D22BC23D}"
EndProject
Project("{FAE04EC0-301F-11D3-BF4B-00C04F79EFBC}") = "ComputerGamesORM.Presentation", "src/ComputerGamesORM.Presentation/ComputerGamesORM.Presentation.csproj", "{2B2A7F9A-4380-4E95-96A8-1E7576B97BEA}"
EndProject
Project("{FAE04EC0-301F-11D3-BF4B-00C04F79EFBC}") = "ComputerGamesORM.Tests", "tests/ComputerGamesORM.Tests/ComputerGamesORM.Tests.csproj", "{A5C33979-4D81-4F0A-B7A2-8C7D8EA4F6E2}"
EndProject
Global
	GlobalSection(SolutionConfigurationPlatforms) = preSolution
		Debug|Any CPU = Debug|Any CPU
		Release|Any CPU = Release|Any CPU
	EndGlobalSection
	GlobalSection(ProjectConfigurationPlatforms) = postSolution
		{A1B9F5A9-0F6C-4F41-99D2-8E16A8823B2A}.Debug|Any CPU.ActiveCfg = Debug|Any CPU
		{A1B9F5A9-0F6C-4F41-99D2-8E16A8823B2A}.Debug|Any CPU.Build.0 = Debug|Any CPU
		{A1B9F5A9-0F6C-4F41-99D2-8E16A8823B2A}.Release|Any CPU.ActiveCfg = Release|Any CPU
		{A1B9F5A9-0F6C-4F41-99D2-8E16A8823B2A}.Release|Any CPU.Build.0 = Release|Any CPU
		{F3CAEF0E-8B53-4B9E-BD89-0F53D22BC23D}.Debug|Any CPU.ActiveCfg = Debug|Any CPU
		{F3CAEF0E-8B53-4B9E-BD89-0F53D22BC23D}.Debug|Any CPU.Build.0 = Debug|Any CPU
		{F3CAEF0E-8B53-4B9E-BD89-0F53D22BC23D}.Release|Any CPU.ActiveCfg = Release|Any CPU
		{F3CAEF0E-8B53-4B9E-BD89-0F53D22BC23D}.Release|Any CPU.Build.0 = Release|Any CPU
		{2B2A7F9A-4380-4E95-96A8-1E7576B97BEA}.Debug|Any CPU.ActiveCfg = Debug|Any CPU
		{2B2A7F9A-4380-4E95-96A8-1E7576B97BEA}.Debug|Any CPU.Build.0 = Debug|Any CPU
		{2B2A7F9A-4380-4E95-96A8-1E7576B97BEA}.Release|Any CPU.ActiveCfg = Release|Any CPU
		{2B2A7F9A-4380-4E95-96A8-1E7576B97BEA}.Release|Any CPU.Build.0 = Release|Any CPU
		{A5C33979-4D81-4F0A-B7A2-8C7D8EA4F6E2}.Debug|Any CPU.ActiveCfg = Debug|Any CPU
		{A5C33979-4D81-4F0A-B7A2-8C7D8EA4F6E2}.Debug|Any CPU.Build.0 = Debug|Any CPU
		{A5C33979-4D81-4F0A-B7A2-8C7D8EA4F6E2}.Release|Any CPU.ActiveCfg = Release|Any CPU
		{A5C33979-4D81-4F0A-B7A2-8C7D8EA4F6E2}.Release|Any CPU.Build.0 = Release|Any CPU
	EndGlobalSection
EndGlobal
